// !$*UTF8*$!
{
	archiveVersion = 1;
	classes = {
	};
	objectVersion = 46;
	objects = {

/* Begin PBXBuildFile section */
		53EAF27F2019464D00B20BF0 /* AppDelegate.swift in Sources */ = {isa = PBXBuildFile; fileRef = 53EAF27E2019464D00B20BF0 /* AppDelegate.swift */; };
		53EAF2812019464D00B20BF0 /* ViewController.swift in Sources */ = {isa = PBXBuildFile; fileRef = 53EAF2802019464D00B20BF0 /* ViewController.swift */; };
		53EAF2842019464D00B20BF0 /* Main.storyboard in Resources */ = {isa = PBXBuildFile; fileRef = 53EAF2822019464D00B20BF0 /* Main.storyboard */; };
		53EAF2872019464D00B20BF0 /* DevSlopeNotification.xcdatamodeld in Sources */ = {isa = PBXBuildFile; fileRef = 53EAF2852019464D00B20BF0 /* DevSlopeNotification.xcdatamodeld */; };
		53EAF2892019464D00B20BF0 /* Assets.xcassets in Resources */ = {isa = PBXBuildFile; fileRef = 53EAF2882019464D00B20BF0 /* Assets.xcassets */; };
		53EAF28C2019464D00B20BF0 /* LaunchScreen.storyboard in Resources */ = {isa = PBXBuildFile; fileRef = 53EAF28A2019464D00B20BF0 /* LaunchScreen.storyboard */; };
		53EAF2972019464D00B20BF0 /* DevSlopeNotificationTests.swift in Sources */ = {isa = PBXBuildFile; fileRef = 53EAF2962019464D00B20BF0 /* DevSlopeNotificationTests.swift */; };
		53EAF2A2201955A200B20BF0 /* rick_grimes.gif in Resources */ = {isa = PBXBuildFile; fileRef = 53EAF2A1201955A200B20BF0 /* rick_grimes.gif */; };
		53F97214201A9EC000D9142A /* UserNotifications.framework in Frameworks */ = {isa = PBXBuildFile; fileRef = 53F97213201A9EC000D9142A /* UserNotifications.framework */; };
		53F97216201A9EC000D9142A /* UserNotificationsUI.framework in Frameworks */ = {isa = PBXBuildFile; fileRef = 53F97215201A9EC000D9142A /* UserNotificationsUI.framework */; };
		53F97219201A9EC000D9142A /* NotificationViewController.swift in Sources */ = {isa = PBXBuildFile; fileRef = 53F97218201A9EC000D9142A /* NotificationViewController.swift */; };
		53F9721C201A9EC000D9142A /* MainInterface.storyboard in Resources */ = {isa = PBXBuildFile; fileRef = 53F9721A201A9EC000D9142A /* MainInterface.storyboard */; };
		53F97220201A9EC000D9142A /* myContentExtension.appex in Embed App Extensions */ = {isa = PBXBuildFile; fileRef = 53F97211201A9EC000D9142A /* myContentExtension.appex */; settings = {ATTRIBUTES = (RemoveHeadersOnCopy, ); }; };
/* End PBXBuildFile section */

/* Begin PBXContainerItemProxy section */
		53EAF2932019464D00B20BF0 /* PBXContainerItemProxy */ = {
			isa = PBXContainerItemProxy;
			containerPortal = 53EAF2732019464D00B20BF0 /* Project object */;
			proxyType = 1;
			remoteGlobalIDString = 53EAF27A2019464D00B20BF0;
			remoteInfo = DevSlopeNotification;
		};
		53F9721E201A9EC000D9142A /* PBXContainerItemProxy */ = {
			isa = PBXContainerItemProxy;
			containerPortal = 53EAF2732019464D00B20BF0 /* Project object */;
			proxyType = 1;
			remoteGlobalIDString = 53F97210201A9EC000D9142A;
			remoteInfo = myContentExtension;
		};
/* End PBXContainerItemProxy section */

/* Begin PBXCopyFilesBuildPhase section */
		53F97224201A9EC000D9142A /* Embed App Extensions */ = {
			isa = PBXCopyFilesBuildPhase;
			buildActionMask = 2147483647;
			dstPath = "";
			dstSubfolderSpec = 13;
			files = (
				53F97220201A9EC000D9142A /* myContentExtension.appex in Embed App Extensions */,
			);
			name = "Embed App Extensions";
			runOnlyForDeploymentPostprocessing = 0;
		};
/* End PBXCopyFilesBuildPhase section */

/* Begin PBXFileReference section */
		53EAF27B2019464D00B20BF0 /* DevSlopeNotification.app */ = {isa = PBXFileReference; explicitFileType = wrapper.application; includeInIndex = 0; path = DevSlopeNotification.app; sourceTree = BUILT_PRODUCTS_DIR; };
		53EAF27E2019464D00B20BF0 /* AppDelegate.swift */ = {isa = PBXFileReference; lastKnownFileType = sourcecode.swift; path = AppDelegate.swift; sourceTree = "<group>"; };
		53EAF2802019464D00B20BF0 /* ViewController.swift */ = {isa = PBXFileReference; lastKnownFileType = sourcecode.swift; path = ViewController.swift; sourceTree = "<group>"; };
		53EAF2832019464D00B20BF0 /* Base */ = {isa = PBXFileReference; lastKnownFileType = file.storyboard; name = Base; path = Base.lproj/Main.storyboard; sourceTree = "<group>"; };
		53EAF2862019464D00B20BF0 /* DevSlopeNotification.xcdatamodel */ = {isa = PBXFileReference; lastKnownFileType = wrapper.xcdatamodel; path = DevSlopeNotification.xcdatamodel; sourceTree = "<group>"; };
		53EAF2882019464D00B20BF0 /* Assets.xcassets */ = {isa = PBXFileReference; lastKnownFileType = folder.assetcatalog; path = Assets.xcassets; sourceTree = "<group>"; };
		53EAF28B2019464D00B20BF0 /* Base */ = {isa = PBXFileReference; lastKnownFileType = file.storyboard; name = Base; path = Base.lproj/LaunchScreen.storyboard; sourceTree = "<group>"; };
		53EAF28D2019464D00B20BF0 /* Info.plist */ = {isa = PBXFileReference; lastKnownFileType = text.plist.xml; path = Info.plist; sourceTree = "<group>"; };
		53EAF2922019464D00B20BF0 /* DevSlopeNotificationTests.xctest */ = {isa = PBXFileReference; explicitFileType = wrapper.cfbundle; includeInIndex = 0; path = DevSlopeNotificationTests.xctest; sourceTree = BUILT_PRODUCTS_DIR; };
		53EAF2962019464D00B20BF0 /* DevSlopeNotificationTests.swift */ = {isa = PBXFileReference; lastKnownFileType = sourcecode.swift; path = DevSlopeNotificationTests.swift; sourceTree = "<group>"; };
		53EAF2982019464D00B20BF0 /* Info.plist */ = {isa = PBXFileReference; lastKnownFileType = text.plist.xml; path = Info.plist; sourceTree = "<group>"; };
		53EAF2A1201955A200B20BF0 /* rick_grimes.gif */ = {isa = PBXFileReference; lastKnownFileType = image.gif; path = rick_grimes.gif; sourceTree = "<group>"; };
		53F97211201A9EC000D9142A /* myContentExtension.appex */ = {isa = PBXFileReference; explicitFileType = "wrapper.app-extension"; includeInIndex = 0; path = myContentExtension.appex; sourceTree = BUILT_PRODUCTS_DIR; };
		53F97213201A9EC000D9142A /* UserNotifications.framework */ = {isa = PBXFileReference; lastKnownFileType = wrapper.framework; name = UserNotifications.framework; path = System/Library/Frameworks/UserNotifications.framework; sourceTree = SDKROOT; };
		53F97215201A9EC000D9142A /* UserNotificationsUI.framework */ = {isa = PBXFileReference; lastKnownFileType = wrapper.framework; name = UserNotificationsUI.framework; path = System/Library/Frameworks/UserNotificationsUI.framework; sourceTree = SDKROOT; };
		53F97218201A9EC000D9142A /* NotificationViewController.swift */ = {isa = PBXFileReference; lastKnownFileType = sourcecode.swift; path = NotificationViewController.swift; sourceTree = "<group>"; };
		53F9721B201A9EC000D9142A /* Base */ = {isa = PBXFileReference; lastKnownFileType = file.storyboard; name = Base; path = Base.lproj/MainInterface.storyboard; sourceTree = "<group>"; };
		53F9721D201A9EC000D9142A /* Info.plist */ = {isa = PBXFileReference; lastKnownFileType = text.plist.xml; path = Info.plist; sourceTree = "<group>"; };
/* End PBXFileReference section */

/* Begin PBXFrameworksBuildPhase section */
		53EAF2782019464D00B20BF0 /* Frameworks */ = {
			isa = PBXFrameworksBuildPhase;
			buildActionMask = 2147483647;
			files = (
			);
			runOnlyForDeploymentPostprocessing = 0;
		};
		53EAF28F2019464D00B20BF0 /* Frameworks */ = {
			isa = PBXFrameworksBuildPhase;
			buildActionMask = 2147483647;
			files = (
			);
			runOnlyForDeploymentPostprocessing = 0;
		};
		53F9720E201A9EC000D9142A /* Frameworks */ = {
			isa = PBXFrameworksBuildPhase;
			buildActionMask = 2147483647;
			files = (
				53F97216201A9EC000D9142A /* UserNotificationsUI.framework in Frameworks */,
				53F97214201A9EC000D9142A /* UserNotifications.framework in Frameworks */,
			);
			runOnlyForDeploymentPostprocessing = 0;
		};
/* End PBXFrameworksBuildPhase section */

/* Begin PBXGroup section */
		53EAF2722019464D00B20BF0 = {
			isa = PBXGroup;
			children = (
				53EAF27D2019464D00B20BF0 /* DevSlopeNotification */,
				53EAF2952019464D00B20BF0 /* DevSlopeNotificationTests */,
				53F97217201A9EC000D9142A /* myContentExtension */,
				53F97212201A9EC000D9142A /* Frameworks */,
				53EAF27C2019464D00B20BF0 /* Products */,
			);
			sourceTree = "<group>";
		};
		53EAF27C2019464D00B20BF0 /* Products */ = {
			isa = PBXGroup;
			children = (
				53EAF27B2019464D00B20BF0 /* DevSlopeNotification.app */,
				53EAF2922019464D00B20BF0 /* DevSlopeNotificationTests.xctest */,
				53F97211201A9EC000D9142A /* myContentExtension.appex */,
			);
			name = Products;
			sourceTree = "<group>";
		};
		53EAF27D2019464D00B20BF0 /* DevSlopeNotification */ = {
			isa = PBXGroup;
			children = (
				53EAF27E2019464D00B20BF0 /* AppDelegate.swift */,
				53EAF2802019464D00B20BF0 /* ViewController.swift */,
				53EAF2822019464D00B20BF0 /* Main.storyboard */,
				53EAF2882019464D00B20BF0 /* Assets.xcassets */,
				53EAF28A2019464D00B20BF0 /* LaunchScreen.storyboard */,
				53EAF2A1201955A200B20BF0 /* rick_grimes.gif */,
				53EAF28D2019464D00B20BF0 /* Info.plist */,
				53EAF2852019464D00B20BF0 /* DevSlopeNotification.xcdatamodeld */,
			);
			path = DevSlopeNotification;
			sourceTree = "<group>";
		};
		53EAF2952019464D00B20BF0 /* DevSlopeNotificationTests */ = {
			isa = PBXGroup;
			children = (
				53EAF2962019464D00B20BF0 /* DevSlopeNotificationTests.swift */,
				53EAF2982019464D00B20BF0 /* Info.plist */,
			);
			path = DevSlopeNotificationTests;
			sourceTree = "<group>";
		};
		53F97212201A9EC000D9142A /* Frameworks */ = {
			isa = PBXGroup;
			children = (
				53F97213201A9EC000D9142A /* UserNotifications.framework */,
				53F97215201A9EC000D9142A /* UserNotificationsUI.framework */,
			);
			name = Frameworks;
			sourceTree = "<group>";
		};
		53F97217201A9EC000D9142A /* myContentExtension */ = {
			isa = PBXGroup;
			children = (
				53F97218201A9EC000D9142A /* NotificationViewController.swift */,
				53F9721A201A9EC000D9142A /* MainInterface.storyboard */,
				53F9721D201A9EC000D9142A /* Info.plist */,
			);
			path = myContentExtension;
			sourceTree = "<group>";
		};
/* End PBXGroup section */

/* Begin PBXNativeTarget section */
		53EAF27A2019464D00B20BF0 /* DevSlopeNotification */ = {
			isa = PBXNativeTarget;
			buildConfigurationList = 53EAF29B2019464D00B20BF0 /* Build configuration list for PBXNativeTarget "DevSlopeNotification" */;
			buildPhases = (
				53EAF2772019464D00B20BF0 /* Sources */,
				53EAF2782019464D00B20BF0 /* Frameworks */,
				53EAF2792019464D00B20BF0 /* Resources */,
				53F97224201A9EC000D9142A /* Embed App Extensions */,
			);
			buildRules = (
			);
			dependencies = (
				53F9721F201A9EC000D9142A /* PBXTargetDependency */,
			);
			name = DevSlopeNotification;
			productName = DevSlopeNotification;
			productReference = 53EAF27B2019464D00B20BF0 /* DevSlopeNotification.app */;
			productType = "com.apple.product-type.application";
		};
		53EAF2912019464D00B20BF0 /* DevSlopeNotificationTests */ = {
			isa = PBXNativeTarget;
			buildConfigurationList = 53EAF29E2019464D00B20BF0 /* Build configuration list for PBXNativeTarget "DevSlopeNotificationTests" */;
			buildPhases = (
				53EAF28E2019464D00B20BF0 /* Sources */,
				53EAF28F2019464D00B20BF0 /* Frameworks */,
				53EAF2902019464D00B20BF0 /* Resources */,
			);
			buildRules = (
			);
			dependencies = (
				53EAF2942019464D00B20BF0 /* PBXTargetDependency */,
			);
			name = DevSlopeNotificationTests;
			productName = DevSlopeNotificationTests;
			productReference = 53EAF2922019464D00B20BF0 /* DevSlopeNotificationTests.xctest */;
			productType = "com.apple.product-type.bundle.unit-test";
		};
		53F97210201A9EC000D9142A /* myContentExtension */ = {
			isa = PBXNativeTarget;
			buildConfigurationList = 53F97223201A9EC000D9142A /* Build configuration list for PBXNativeTarget "myContentExtension" */;
			buildPhases = (
				53F9720D201A9EC000D9142A /* Sources */,
				53F9720E201A9EC000D9142A /* Frameworks */,
				53F9720F201A9EC000D9142A /* Resources */,
			);
			buildRules = (
			);
			dependencies = (
			);
			name = myContentExtension;
			productName = myContentExtension;
			productReference = 53F97211201A9EC000D9142A /* myContentExtension.appex */;
			productType = "com.apple.product-type.app-extension";
		};
/* End PBXNativeTarget section */

/* Begin PBXProject section */
		53EAF2732019464D00B20BF0 /* Project object */ = {
			isa = PBXProject;
			attributes = {
				LastSwiftUpdateCheck = 0830;
				LastUpgradeCheck = 0830;
				ORGANIZATIONNAME = VUE;
				TargetAttributes = {
					53EAF27A2019464D00B20BF0 = {
						CreatedOnToolsVersion = 8.3.3;
						ProvisioningStyle = Automatic;
					};
					53EAF2912019464D00B20BF0 = {
						CreatedOnToolsVersion = 8.3.3;
						ProvisioningStyle = Automatic;
						TestTargetID = 53EAF27A2019464D00B20BF0;
					};
					53F97210201A9EC000D9142A = {
						CreatedOnToolsVersion = 8.3.3;
						ProvisioningStyle = Automatic;
					};
				};
			};
			buildConfigurationList = 53EAF2762019464D00B20BF0 /* Build configuration list for PBXProject "DevSlopeNotification" */;
			compatibilityVersion = "Xcode 3.2";
			developmentRegion = English;
			hasScannedForEncodings = 0;
			knownRegions = (
				en,
				Base,
			);
			mainGroup = 53EAF2722019464D00B20BF0;
			productRefGroup = 53EAF27C2019464D00B20BF0 /* Products */;
			projectDirPath = "";
			projectRoot = "";
			targets = (
				53EAF27A2019464D00B20BF0 /* DevSlopeNotification */,
				53EAF2912019464D00B20BF0 /* DevSlopeNotificationTests */,
				53F97210201A9EC000D9142A /* myContentExtension */,
			);
		};
/* End PBXProject section */

/* Begin PBXResourcesBuildPhase section */
		53EAF2792019464D00B20BF0 /* Resources */ = {
			isa = PBXResourcesBuildPhase;
			buildActionMask = 2147483647;
			files = (
				53EAF28C2019464D00B20BF0 /* LaunchScreen.storyboard in Resources */,
				53EAF2892019464D00B20BF0 /* Assets.xcassets in Resources */,
				53EAF2A2201955A200B20BF0 /* rick_grimes.gif in Resources */,
				53EAF2842019464D00B20BF0 /* Main.storyboard in Resources */,
			);
			runOnlyForDeploymentPostprocessing = 0;
		};
		53EAF2902019464D00B20BF0 /* Resources */ = {
			isa = PBXResourcesBuildPhase;
			buildActionMask = 2147483647;
			files = (
			);
			runOnlyForDeploymentPostprocessing = 0;
		};
		53F9720F201A9EC000D9142A /* Resources */ = {
			isa = PBXResourcesBuildPhase;
			buildActionMask = 2147483647;
			files = (
				53F9721C201A9EC000D9142A /* MainInterface.storyboard in Resources */,
			);
			runOnlyForDeploymentPostprocessing = 0;
		};
/* End PBXResourcesBuildPhase section */

/* Begin PBXSourcesBuildPhase section */
		53EAF2772019464D00B20BF0 /* Sources */ = {
			isa = PBXSourcesBuildPhase;
			buildActionMask = 2147483647;
			files = (
				53EAF2812019464D00B20BF0 /* ViewController.swift in Sources */,
				53EAF27F2019464D00B20BF0 /* AppDelegate.swift in Sources */,
				53EAF2872019464D00B20BF0 /* DevSlopeNotification.xcdatamodeld in Sources */,
			);
			runOnlyForDeploymentPostprocessing = 0;
		};
		53EAF28E2019464D00B20BF0 /* Sources */ = {
			isa = PBXSourcesBuildPhase;
			buildActionMask = 2147483647;
			files = (
				53EAF2972019464D00B20BF0 /* DevSlopeNotificationTests.swift in Sources */,
			);
			runOnlyForDeploymentPostprocessing = 0;
		};
		53F9720D201A9EC000D9142A /* Sources */ = {
			isa = PBXSourcesBuildPhase;
			buildActionMask = 2147483647;
			files = (
				53F97219201A9EC000D9142A /* NotificationViewController.swift in Sources */,
			);
			runOnlyForDeploymentPostprocessing = 0;
		};
/* End PBXSourcesBuildPhase section */

/* Begin PBXTargetDependency section */
		53EAF2942019464D00B20BF0 /* PBXTargetDependency */ = {
			isa = PBXTargetDependency;
			target = 53EAF27A2019464D00B20BF0 /* DevSlopeNotification */;
			targetProxy = 53EAF2932019464D00B20BF0 /* PBXContainerItemProxy */;
		};
		53F9721F201A9EC000D9142A /* PBXTargetDependency */ = {
			isa = PBXTargetDependency;
			target = 53F97210201A9EC000D9142A /* myContentExtension */;
			targetProxy = 53F9721E201A9EC000D9142A /* PBXContainerItemProxy */;
		};
/* End PBXTargetDependency section */

/* Begin PBXVariantGroup section */
		53EAF2822019464D00B20BF0 /* Main.storyboard */ = {
			isa = PBXVariantGroup;
			children = (
				53EAF2832019464D00B20BF0 /* Base */,
			);
			name = Main.storyboard;
			sourceTree = "<group>";
		};
		53EAF28A2019464D00B20BF0 /* LaunchScreen.storyboard */ = {
			isa = PBXVariantGroup;
			children = (
				53EAF28B2019464D00B20BF0 /* Base */,
			);
			name = LaunchScreen.storyboard;
			sourceTree = "<group>";
		};
		53F9721A201A9EC000D9142A /* MainInterface.storyboard */ = {
			isa = PBXVariantGroup;
			children = (
				53F9721B201A9EC000D9142A /* Base */,
			);
			name = MainInterface.storyboard;
			sourceTree = "<group>";
		};
/* End PBXVariantGroup section */

/* Begin XCBuildConfiguration section */
		53EAF2992019464D00B20BF0 /* Debug */ = {
			isa = XCBuildConfiguration;
			buildSettings = {
				ALWAYS_SEARCH_USER_PATHS = NO;
				CLANG_ANALYZER_NONNULL = YES;
				CLANG_ANALYZER_NUMBER_OBJECT_CONVERSION = YES_AGGRESSIVE;
				CLANG_CXX_LANGUAGE_STANDARD = "gnu++0x";
				CLANG_CXX_LIBRARY = "libc++";
				CLANG_ENABLE_MODULES = YES;
				CLANG_ENABLE_OBJC_ARC = YES;
				CLANG_WARN_BOOL_CONVERSION = YES;
				CLANG_WARN_CONSTANT_CONVERSION = YES;
				CLANG_WARN_DIRECT_OBJC_ISA_USAGE = YES_ERROR;
				CLANG_WARN_DOCUMENTATION_COMMENTS = YES;
				CLANG_WARN_EMPTY_BODY = YES;
				CLANG_WARN_ENUM_CONVERSION = YES;
				CLANG_WARN_INFINITE_RECURSION = YES;
				CLANG_WARN_INT_CONVERSION = YES;
				CLANG_WARN_OBJC_ROOT_CLASS = YES_ERROR;
				CLANG_WARN_SUSPICIOUS_MOVE = YES;
				CLANG_WARN_UNREACHABLE_CODE = YES;
				CLANG_WARN__DUPLICATE_METHOD_MATCH = YES;
				"CODE_SIGN_IDENTITY[sdk=iphoneos*]" = "iPhone Developer";
				COPY_PHASE_STRIP = NO;
				DEBUG_INFORMATION_FORMAT = dwarf;
				ENABLE_STRICT_OBJC_MSGSEND = YES;
				ENABLE_TESTABILITY = YES;
				GCC_C_LANGUAGE_STANDARD = gnu99;
				GCC_DYNAMIC_NO_PIC = NO;
				GCC_NO_COMMON_BLOCKS = YES;
				GCC_OPTIMIZATION_LEVEL = 0;
				GCC_PREPROCESSOR_DEFINITIONS = (
					"DEBUG=1",
					"$(inherited)",
				);
				GCC_WARN_64_TO_32_BIT_CONVERSION = YES;
				GCC_WARN_ABOUT_RETURN_TYPE = YES_ERROR;
				GCC_WARN_UNDECLARED_SELECTOR = YES;
				GCC_WARN_UNINITIALIZED_AUTOS = YES_AGGRESSIVE;
				GCC_WARN_UNUSED_FUNCTION = YES;
				GCC_WARN_UNUSED_VARIABLE = YES;
				IPHONEOS_DEPLOYMENT_TARGET = 10.3;
				MTL_ENABLE_DEBUG_INFO = YES;
				ONLY_ACTIVE_ARCH = YES;
				SDKROOT = iphoneos;
				SWIFT_ACTIVE_COMPILATION_CONDITIONS = DEBUG;
				SWIFT_OPTIMIZATION_LEVEL = "-Onone";
				TARGETED_DEVICE_FAMILY = "1,2";
			};
			name = Debug;
		};
		53EAF29A2019464D00B20BF0 /* Release */ = {
			isa = XCBuildConfiguration;
			buildSettings = {
				ALWAYS_SEARCH_USER_PATHS = NO;
				CLANG_ANALYZER_NONNULL = YES;
				CLANG_ANALYZER_NUMBER_OBJECT_CONVERSION = YES_AGGRESSIVE;
				CLANG_CXX_LANGUAGE_STANDARD = "gnu++0x";
				CLANG_CXX_LIBRARY = "libc++";
				CLANG_ENABLE_MODULES = YES;
				CLANG_ENABLE_OBJC_ARC = YES;
				CLANG_WARN_BOOL_CONVERSION = YES;
				CLANG_WARN_CONSTANT_CONVERSION = YES;
				CLANG_WARN_DIRECT_OBJC_ISA_USAGE = YES_ERROR;
				CLANG_WARN_DOCUMENTATION_COMMENTS = YES;
				CLANG_WARN_EMPTY_BODY = YES;
				CLANG_WARN_ENUM_CONVERSION = YES;
				CLANG_WARN_INFINITE_RECURSION = YES;
				CLANG_WARN_INT_CONVERSION = YES;
				CLANG_WARN_OBJC_ROOT_CLASS = YES_ERROR;
				CLANG_WARN_SUSPICIOUS_MOVE = YES;
				CLANG_WARN_UNREACHABLE_CODE = YES;
				CLANG_WARN__DUPLICATE_METHOD_MATCH = YES;
				"CODE_SIGN_IDENTITY[sdk=iphoneos*]" = "iPhone Developer";
				COPY_PHASE_STRIP = NO;
				DEBUG_INFORMATION_FORMAT = "dwarf-with-dsym";
				ENABLE_NS_ASSERTIONS = NO;
				ENABLE_STRICT_OBJC_MSGSEND = YES;
				GCC_C_LANGUAGE_STANDARD = gnu99;
				GCC_NO_COMMON_BLOCKS = YES;
				GCC_WARN_64_TO_32_BIT_CONVERSION = YES;
				GCC_WARN_ABOUT_RETURN_TYPE = YES_ERROR;
				GCC_WARN_UNDECLARED_SELECTOR = YES;
				GCC_WARN_UNINITIALIZED_AUTOS = YES_AGGRESSIVE;
				GCC_WARN_UNUSED_FUNCTION = YES;
				GCC_WARN_UNUSED_VARIABLE = YES;
				IPHONEOS_DEPLOYMENT_TARGET = 10.3;
				MTL_ENABLE_DEBUG_INFO = NO;
				SDKROOT = iphoneos;
				SWIFT_OPTIMIZATION_LEVEL = "-Owholemodule";
				TARGETED_DEVICE_FAMILY = "1,2";
				VALIDATE_PRODUCT = YES;
			};
			name = Release;
		};
		53EAF29C2019464D00B20BF0 /* Debug */ = {
			isa = XCBuildConfiguration;
			buildSettings = {
				ALWAYS_EMBED_SWIFT_STANDARD_LIBRARIES = YES;
				ASSETCATALOG_COMPILER_APPICON_NAME = AppIcon;
				INFOPLIST_FILE = DevSlopeNotification/Info.plist;
				LD_RUNPATH_SEARCH_PATHS = "$(inherited) @executable_path/Frameworks";
				PRODUCT_BUNDLE_IDENTIFIER = VUE.DevSlopeNotification;
				PRODUCT_NAME = "$(TARGET_NAME)";
				SWIFT_VERSION = 3.0;
			};
			name = Debug;
		};
		53EAF29D2019464D00B20BF0 /* Release */ = {
			isa = XCBuildConfiguration;
			buildSettings = {
				ALWAYS_EMBED_SWIFT_STANDARD_LIBRARIES = YES;
				ASSETCATALOG_COMPILER_APPICON_NAME = AppIcon;
				INFOPLIST_FILE = DevSlopeNotification/Info.plist;
				LD_RUNPATH_SEARCH_PATHS = "$(inherited) @executable_path/Frameworks";
				PRODUCT_BUNDLE_IDENTIFIER = VUE.DevSlopeNotification;
				PRODUCT_NAME = "$(TARGET_NAME)";
				SWIFT_VERSION = 3.0;
			};
			name = Release;
		};
		53EAF29F2019464D00B20BF0 /* Debug */ = {
			isa = XCBuildConfiguration;
			buildSettings = {
				ALWAYS_EMBED_SWIFT_STANDARD_LIBRARIES = YES;
				BUNDLE_LOADER = "$(TEST_HOST)";
				INFOPLIST_FILE = DevSlopeNotificationTests/Info.plist;
				LD_RUNPATH_SEARCH_PATHS = "$(inherited) @executable_path/Frameworks @loader_path/Frameworks";
				PRODUCT_BUNDLE_IDENTIFIER = VUE.DevSlopeNotificationTests;
				PRODUCT_NAME = "$(TARGET_NAME)";
				SWIFT_VERSION = 3.0;
				TEST_HOST = "$(BUILT_PRODUCTS_DIR)/DevSlopeNotification.app/DevSlopeNotification";
			};
			name = Debug;
		};
		53EAF2A02019464D00B20BF0 /* Release */ = {
			isa = XCBuildConfiguration;
			buildSettings = {
				ALWAYS_EMBED_SWIFT_STANDARD_LIBRARIES = YES;
				BUNDLE_LOADER = "$(TEST_HOST)";
				INFOPLIST_FILE = DevSlopeNotificationTests/Info.plist;
				LD_RUNPATH_SEARCH_PATHS = "$(inherited) @executable_path/Frameworks @loader_path/Frameworks";
				PRODUCT_BUNDLE_IDENTIFIER = VUE.DevSlopeNotificationTests;
				PRODUCT_NAME = "$(TARGET_NAME)";
				SWIFT_VERSION = 3.0;
				TEST_HOST = "$(BUILT_PRODUCTS_DIR)/DevSlopeNotification.app/DevSlopeNotification";
			};
			name = Release;
		};
		53F97221201A9EC000D9142A /* Debug */ = {
			isa = XCBuildConfiguration;
			buildSettings = {
				INFOPLIST_FILE = myContentExtension/Info.plist;
				LD_RUNPATH_SEARCH_PATHS = "$(inherited) @executable_path/Frameworks @executable_path/../../Frameworks";
				PRODUCT_BUNDLE_IDENTIFIER = VUE.DevSlopeNotification.myContentExtension;
				PRODUCT_NAME = "$(TARGET_NAME)";
				SKIP_INSTALL = YES;
				SWIFT_VERSION = 3.0;
			};
			name = Debug;
		};
		53F97222201A9EC000D9142A /* Release */ = {
			isa = XCBuildConfiguration;
			buildSettings = {
				INFOPLIST_FILE = myContentExtension/Info.plist;
				LD_RUNPATH_SEARCH_PATHS = "$(inherited) @executable_path/Frameworks @executable_path/../../Frameworks";
				PRODUCT_BUNDLE_IDENTIFIER = VUE.DevSlopeNotification.myContentExtension;
				PRODUCT_NAME = "$(TARGET_NAME)";
				SKIP_INSTALL = YES;
				SWIFT_VERSION = 3.0;
			};
			name = Release;
		};
/* End XCBuildConfiguration section */

/* Begin XCConfigurationList section */
		53EAF2762019464D00B20BF0 /* Build configuration list for PBXProject "DevSlopeNotification" */ = {
			isa = XCConfigurationList;
			buildConfigurations = (
				53EAF2992019464D00B20BF0 /* Debug */,
				53EAF29A2019464D00B20BF0 /* Release */,
			);
			defaultConfigurationIsVisible = 0;
			defaultConfigurationName = Release;
		};
		53EAF29B2019464D00B20BF0 /* Build configuration list for PBXNativeTarget "DevSlopeNotification" */ = {
			isa = XCConfigurationList;
			buildConfigurations = (
				53EAF29C2019464D00B20BF0 /* Debug */,
				53EAF29D2019464D00B20BF0 /* Release */,
			);
			defaultConfigurationIsVisible = 0;
			defaultConfigurationName = Release;
		};
		53EAF29E2019464D00B20BF0 /* Build configuration list for PBXNativeTarget "DevSlopeNotificationTests" */ = {
			isa = XCConfigurationList;
			buildConfigurations = (
				53EAF29F2019464D00B20BF0 /* Debug */,
				53EAF2A02019464D00B20BF0 /* Release */,
			);
			defaultConfigurationIsVisible = 0;
			defaultConfigurationName = Release;
		};
		53F97223201A9EC000D9142A /* Build configuration list for PBXNativeTarget "myContentExtension" */ = {
			isa = XCConfigurationList;
			buildConfigurations = (
				53F97221201A9EC000D9142A /* Debug */,
				53F97222201A9EC000D9142A /* Release */,
			);
			defaultConfigurationIsVisible = 0;
		};
/* End XCConfigurationList section */

/* Begin XCVersionGroup section */
		53EAF2852019464D00B20BF0 /* DevSlopeNotification.xcdatamodeld */ = {
			isa = XCVersionGroup;
			children = (
				53EAF2862019464D00B20BF0 /* DevSlopeNotification.xcdatamodel */,
			);
			currentVersion = 53EAF2862019464D00B20BF0 /* DevSlopeNotification.xcdatamodel */;
			path = DevSlopeNotification.xcdatamodeld;
			sourceTree = "<group>";
			versionGroupType = wrapper.xcdatamodel;
		};
/* End XCVersionGroup section */
	};
	rootObject = 53EAF2732019464D00B20BF0 /* Project object */;
}
